// !$*UTF8*$!
{
	archiveVersion = 1;
	classes = {
	};
	objectVersion = 55;
	objects = {

/* Begin PBXBuildFile section */
		133C3D0928C19AF5008585FD /* testAppApp.swift in Sources */ = {isa = PBXBuildFile; fileRef = 133C3D0828C19AF5008585FD /* testAppApp.swift */; };
		133C3D0B28C19AF5008585FD /* ContentView.swift in Sources */ = {isa = PBXBuildFile; fileRef = 133C3D0A28C19AF5008585FD /* ContentView.swift */; };
		133C3D0D28C19AF6008585FD /* Assets.xcassets in Resources */ = {isa = PBXBuildFile; fileRef = 133C3D0C28C19AF6008585FD /* Assets.xcassets */; };
		133C3D1028C19AF6008585FD /* Preview Assets.xcassets in Resources */ = {isa = PBXBuildFile; fileRef = 133C3D0F28C19AF6008585FD /* Preview Assets.xcassets */; };
		133C3D1A28C19AF7008585FD /* testAppTests.swift in Sources */ = {isa = PBXBuildFile; fileRef = 133C3D1928C19AF7008585FD /* testAppTests.swift */; };
		133C3D2428C19AF7008585FD /* testAppUITests.swift in Sources */ = {isa = PBXBuildFile; fileRef = 133C3D2328C19AF7008585FD /* testAppUITests.swift */; };
		133C3D2628C19AF7008585FD /* testAppUITestsLaunchTests.swift in Sources */ = {isa = PBXBuildFile; fileRef = 133C3D2528C19AF7008585FD /* testAppUITestsLaunchTests.swift */; };
/* End PBXBuildFile section */

/* Begin PBXContainerItemProxy section */
		133C3D1628C19AF7008585FD /* PBXContainerItemProxy */ = {
			isa = PBXContainerItemProxy;
			containerPortal = 133C3CFD28C19AF5008585FD /* Project object */;
			proxyType = 1;
			remoteGlobalIDString = 133C3D0428C19AF5008585FD;
			remoteInfo = testApp;
		};
		133C3D2028C19AF7008585FD /* PBXContainerItemProxy */ = {
			isa = PBXContainerItemProxy;
			containerPortal = 133C3CFD28C19AF5008585FD /* Project object */;
			proxyType = 1;
			remoteGlobalIDString = 133C3D0428C19AF5008585FD;
			remoteInfo = testApp;
		};
/* End PBXContainerItemProxy section */

/* Begin PBXFileReference section */
		133C3D0528C19AF5008585FD /* testApp.app */ = {isa = PBXFileReference; explicitFileType = wrapper.application; includeInIndex = 0; path = testApp.app; sourceTree = BUILT_PRODUCTS_DIR; };
		133C3D0828C19AF5008585FD /* testAppApp.swift */ = {isa = PBXFileReference; lastKnownFileType = sourcecode.swift; path = testAppApp.swift; sourceTree = "<group>"; };
		133C3D0A28C19AF5008585FD /* ContentView.swift */ = {isa = PBXFileReference; lastKnownFileType = sourcecode.swift; path = ContentView.swift; sourceTree = "<group>"; };
		133C3D0C28C19AF6008585FD /* Assets.xcassets */ = {isa = PBXFileReference; lastKnownFileType = folder.assetcatalog; path = Assets.xcassets; sourceTree = "<group>"; };
		133C3D0F28C19AF6008585FD /* Preview Assets.xcassets */ = {isa = PBXFileReference; lastKnownFileType = folder.assetcatalog; path = "Preview Assets.xcassets"; sourceTree = "<group>"; };
		133C3D1528C19AF7008585FD /* testAppTests.xctest */ = {isa = PBXFileReference; explicitFileType = wrapper.cfbundle; includeInIndex = 0; path = testAppTests.xctest; sourceTree = BUILT_PRODUCTS_DIR; };
		133C3D1928C19AF7008585FD /* testAppTests.swift */ = {isa = PBXFileReference; lastKnownFileType = sourcecode.swift; path = testAppTests.swift; sourceTree = "<group>"; };
		133C3D1F28C19AF7008585FD /* testAppUITests.xctest */ = {isa = PBXFileReference; explicitFileType = wrapper.cfbundle; includeInIndex = 0; path = testAppUITests.xctest; sourceTree = BUILT_PRODUCTS_DIR; };
		133C3D2328C19AF7008585FD /* testAppUITests.swift */ = {isa = PBXFileReference; lastKnownFileType = sourcecode.swift; path = testAppUITests.swift; sourceTree = "<group>"; };
		133C3D2528C19AF7008585FD /* testAppUITestsLaunchTests.swift */ = {isa = PBXFileReference; lastKnownFileType = sourcecode.swift; path = testAppUITestsLaunchTests.swift; sourceTree = "<group>"; };
/* End PBXFileReference section */

/* Begin PBXFrameworksBuildPhase section */
		133C3D0228C19AF5008585FD /* Frameworks */ = {
			isa = PBXFrameworksBuildPhase;
			buildActionMask = 2147483647;
			files = (
			);
			runOnlyForDeploymentPostprocessing = 0;
		};
		133C3D1228C19AF7008585FD /* Frameworks */ = {
			isa = PBXFrameworksBuildPhase;
			buildActionMask = 2147483647;
			files = (
			);
			runOnlyForDeploymentPostprocessing = 0;
		};
		133C3D1C28C19AF7008585FD /* Frameworks */ = {
			isa = PBXFrameworksBuildPhase;
			buildActionMask = 2147483647;
			files = (
			);
			runOnlyForDeploymentPostprocessing = 0;
		};
/* End PBXFrameworksBuildPhase section */

/* Begin PBXGroup section */
		133C3CFC28C19AF5008585FD = {
			isa = PBXGroup;
			children = (
				133C3D0728C19AF5008585FD /* testApp */,
				133C3D1828C19AF7008585FD /* testAppTests */,
				133C3D2228C19AF7008585FD /* testAppUITests */,
				133C3D0628C19AF5008585FD /* Products */,
			);
			sourceTree = "<group>";
		};
		133C3D0628C19AF5008585FD /* Products */ = {
			isa = PBXGroup;
			children = (
				133C3D0528C19AF5008585FD /* testApp.app */,
				133C3D1528C19AF7008585FD /* testAppTests.xctest */,
				133C3D1F28C19AF7008585FD /* testAppUITests.xctest */,
			);
			name = Products;
			sourceTree = "<group>";
		};
		133C3D0728C19AF5008585FD /* testApp */ = {
			isa = PBXGroup;
			children = (
				133C3D0828C19AF5008585FD /* testAppApp.swift */,
				133C3D0A28C19AF5008585FD /* ContentView.swift */,
				133C3D0C28C19AF6008585FD /* Assets.xcassets */,
				133C3D0E28C19AF6008585FD /* Preview Content */,
			);
			path = testApp;
			sourceTree = "<group>";
		};
		133C3D0E28C19AF6008585FD /* Preview Content */ = {
			isa = PBXGroup;
			children = (
				133C3D0F28C19AF6008585FD /* Preview Assets.xcassets */,
			);
			path = "Preview Content";
			sourceTree = "<group>";
		};
		133C3D1828C19AF7008585FD /* testAppTests */ = {
			isa = PBXGroup;
			children = (
				133C3D1928C19AF7008585FD /* testAppTests.swift */,
			);
			path = testAppTests;
			sourceTree = "<group>";
		};
		133C3D2228C19AF7008585FD /* testAppUITests */ = {
			isa = PBXGroup;
			children = (
				133C3D2328C19AF7008585FD /* testAppUITests.swift */,
				133C3D2528C19AF7008585FD /* testAppUITestsLaunchTests.swift */,
			);
			path = testAppUITests;
			sourceTree = "<group>";
		};
/* End PBXGroup section */

/* Begin PBXNativeTarget section */
		133C3D0428C19AF5008585FD /* testApp */ = {
			isa = PBXNativeTarget;
			buildConfigurationList = 133C3D2928C19AF7008585FD /* Build configuration list for PBXNativeTarget "testApp" */;
			buildPhases = (
				133C3D0128C19AF5008585FD /* Sources */,
				133C3D0228C19AF5008585FD /* Frameworks */,
				133C3D0328C19AF5008585FD /* Resources */,
			);
			buildRules = (
			);
			dependencies = (
			);
			name = testApp;
			productName = testApp;
			productReference = 133C3D0528C19AF5008585FD /* testApp.app */;
			productType = "com.apple.product-type.application";
		};
		133C3D1428C19AF7008585FD /* testAppTests */ = {
			isa = PBXNativeTarget;
			buildConfigurationList = 133C3D2C28C19AF7008585FD /* Build configuration list for PBXNativeTarget "testAppTests" */;
			buildPhases = (
				133C3D1128C19AF7008585FD /* Sources */,
				133C3D1228C19AF7008585FD /* Frameworks */,
				133C3D1328C19AF7008585FD /* Resources */,
			);
			buildRules = (
			);
			dependencies = (
				133C3D1728C19AF7008585FD /* PBXTargetDependency */,
			);
			name = testAppTests;
			productName = testAppTests;
			productReference = 133C3D1528C19AF7008585FD /* testAppTests.xctest */;
			productType = "com.apple.product-type.bundle.unit-test";
		};
		133C3D1E28C19AF7008585FD /* testAppUITests */ = {
			isa = PBXNativeTarget;
			buildConfigurationList = 133C3D2F28C19AF7008585FD /* Build configuration list for PBXNativeTarget "testAppUITests" */;
			buildPhases = (
				133C3D1B28C19AF7008585FD /* Sources */,
				133C3D1C28C19AF7008585FD /* Frameworks */,
				133C3D1D28C19AF7008585FD /* Resources */,
			);
			buildRules = (
			);
			dependencies = (
				133C3D2128C19AF7008585FD /* PBXTargetDependency */,
			);
			name = testAppUITests;
			productName = testAppUITests;
			productReference = 133C3D1F28C19AF7008585FD /* testAppUITests.xctest */;
			productType = "com.apple.product-type.bundle.ui-testing";
		};
/* End PBXNativeTarget section */

/* Begin PBXProject section */
		133C3CFD28C19AF5008585FD /* Project object */ = {
			isa = PBXProject;
			attributes = {
				BuildIndependentTargetsInParallel = 1;
				LastSwiftUpdateCheck = 1340;
				LastUpgradeCheck = 1340;
				TargetAttributes = {
					133C3D0428C19AF5008585FD = {
						CreatedOnToolsVersion = 13.4.1;
					};
					133C3D1428C19AF7008585FD = {
						CreatedOnToolsVersion = 13.4.1;
						TestTargetID = 133C3D0428C19AF5008585FD;
					};
					133C3D1E28C19AF7008585FD = {
						CreatedOnToolsVersion = 13.4.1;
						TestTargetID = 133C3D0428C19AF5008585FD;
					};
				};
			};
			buildConfigurationList = 133C3D0028C19AF5008585FD /* Build configuration list for PBXProject "testApp" */;
			compatibilityVersion = "Xcode 13.0";
			developmentRegion = en;
			hasScannedForEncodings = 0;
			knownRegions = (
				en,
				Base,
			);
			mainGroup = 133C3CFC28C19AF5008585FD;
			productRefGroup = 133C3D0628C19AF5008585FD /* Products */;
			projectDirPath = "";
			projectRoot = "";
			targets = (
				133C3D0428C19AF5008585FD /* testApp */,
				133C3D1428C19AF7008585FD /* testAppTests */,
				133C3D1E28C19AF7008585FD /* testAppUITests */,
			);
		};
/* End PBXProject section */

/* Begin PBXResourcesBuildPhase section */
		133C3D0328C19AF5008585FD /* Resources */ = {
			isa = PBXResourcesBuildPhase;
			buildActionMask = 2147483647;
			files = (
				133C3D1028C19AF6008585FD /* Preview Assets.xcassets in Resources */,
				133C3D0D28C19AF6008585FD /* Assets.xcassets in Resources */,
			);
			runOnlyForDeploymentPostprocessing = 0;
		};
		133C3D1328C19AF7008585FD /* Resources */ = {
			isa = PBXResourcesBuildPhase;
			buildActionMask = 2147483647;
			files = (
			);
			runOnlyForDeploymentPostprocessing = 0;
		};
		133C3D1D28C19AF7008585FD /* Resources */ = {
			isa = PBXResourcesBuildPhase;
			buildActionMask = 2147483647;
			files = (
			);
			runOnlyForDeploymentPostprocessing = 0;
		};
/* End PBXResourcesBuildPhase section */

/* Begin PBXSourcesBuildPhase section */
		133C3D0128C19AF5008585FD /* Sources */ = {
			isa = PBXSourcesBuildPhase;
			buildActionMask = 2147483647;
			files = (
				133C3D0B28C19AF5008585FD /* ContentView.swift in Sources */,
				133C3D0928C19AF5008585FD /* testAppApp.swift in Sources */,
			);
			runOnlyForDeploymentPostprocessing = 0;
		};
		133C3D1128C19AF7008585FD /* Sources */ = {
			isa = PBXSourcesBuildPhase;
			buildActionMask = 2147483647;
			files = (
				133C3D1A28C19AF7008585FD /* testAppTests.swift in Sources */,
			);
			runOnlyForDeploymentPostprocessing = 0;
		};
		133C3D1B28C19AF7008585FD /* Sources */ = {
			isa = PBXSourcesBuildPhase;
			buildActionMask = 2147483647;
			files = (
				133C3D2628C19AF7008585FD /* testAppUITestsLaunchTests.swift in Sources */,
				133C3D2428C19AF7008585FD /* testAppUITests.swift in Sources */,
			);
			runOnlyForDeploymentPostprocessing = 0;
		};
/* End PBXSourcesBuildPhase section */

/* Begin PBXTargetDependency section */
		133C3D1728C19AF7008585FD /* PBXTargetDependency */ = {
			isa = PBXTargetDependency;
			target = 133C3D0428C19AF5008585FD /* testApp */;
			targetProxy = 133C3D1628C19AF7008585FD /* PBXContainerItemProxy */;
		};
		133C3D2128C19AF7008585FD /* PBXTargetDependency */ = {
			isa = PBXTargetDependency;
			target = 133C3D0428C19AF5008585FD /* testApp */;
			targetProxy = 133C3D2028C19AF7008585FD /* PBXContainerItemProxy */;
		};
/* End PBXTargetDependency section */

/* Begin XCBuildConfiguration section */
		133C3D2728C19AF7008585FD /* Debug */ = {
			isa = XCBuildConfiguration;
			buildSettings = {
				ALWAYS_SEARCH_USER_PATHS = NO;
				CLANG_ANALYZER_NONNULL = YES;
				CLANG_ANALYZER_NUMBER_OBJECT_CONVERSION = YES_AGGRESSIVE;
				CLANG_CXX_LANGUAGE_STANDARD = "gnu++17";
				CLANG_ENABLE_MODULES = YES;
				CLANG_ENABLE_OBJC_ARC = YES;
				CLANG_ENABLE_OBJC_WEAK = YES;
				CLANG_WARN_BLOCK_CAPTURE_AUTORELEASING = YES;
				CLANG_WARN_BOOL_CONVERSION = YES;
				CLANG_WARN_COMMA = YES;
				CLANG_WARN_CONSTANT_CONVERSION = YES;
				CLANG_WARN_DEPRECATED_OBJC_IMPLEMENTATIONS = YES;
				CLANG_WARN_DIRECT_OBJC_ISA_USAGE = YES_ERROR;
				CLANG_WARN_DOCUMENTATION_COMMENTS = YES;
				CLANG_WARN_EMPTY_BODY = YES;
				CLANG_WARN_ENUM_CONVERSION = YES;
				CLANG_WARN_INFINITE_RECURSION = YES;
				CLANG_WARN_INT_CONVERSION = YES;
				CLANG_WARN_NON_LITERAL_NULL_CONVERSION = YES;
				CLANG_WARN_OBJC_IMPLICIT_RETAIN_SELF = YES;
				CLANG_WARN_OBJC_LITERAL_CONVERSION = YES;
				CLANG_WARN_OBJC_ROOT_CLASS = YES_ERROR;
				CLANG_WARN_QUOTED_INCLUDE_IN_FRAMEWORK_HEADER = YES;
				CLANG_WARN_RANGE_LOOP_ANALYSIS = YES;
				CLANG_WARN_STRICT_PROTOTYPES = YES;
				CLANG_WARN_SUSPICIOUS_MOVE = YES;
				CLANG_WARN_UNGUARDED_AVAILABILITY = YES_AGGRESSIVE;
				CLANG_WARN_UNREACHABLE_CODE = YES;
				CLANG_WARN__DUPLICATE_METHOD_MATCH = YES;
				COPY_PHASE_STRIP = NO;
				DEBUG_INFORMATION_FORMAT = dwarf;
				ENABLE_STRICT_OBJC_MSGSEND = YES;
				ENABLE_TESTABILITY = YES;
				GCC_C_LANGUAGE_STANDARD = gnu11;
				GCC_DYNAMIC_NO_PIC = NO;
				GCC_NO_COMMON_BLOCKS = YES;
				GCC_OPTIMIZATION_LEVEL = 0;
				GCC_PREPROCESSOR_DEFINITIONS = (
					"DEBUG=1",
					"$(inherited)",
				);
				GCC_WARN_64_TO_32_BIT_CONVERSION = YES;
				GCC_WARN_ABOUT_RETURN_TYPE = YES_ERROR;
				GCC_WARN_UNDECLARED_SELECTOR = YES;
				GCC_WARN_UNINITIALIZED_AUTOS = YES_AGGRESSIVE;
				GCC_WARN_UNUSED_FUNCTION = YES;
				GCC_WARN_UNUSED_VARIABLE = YES;
				IPHONEOS_DEPLOYMENT_TARGET = 15.5;
				MTL_ENABLE_DEBUG_INFO = INCLUDE_SOURCE;
				MTL_FAST_MATH = YES;
				ONLY_ACTIVE_ARCH = YES;
				SDKROOT = iphoneos;
				SWIFT_ACTIVE_COMPILATION_CONDITIONS = DEBUG;
				SWIFT_OPTIMIZATION_LEVEL = "-Onone";
			};
			name = Debug;
		};
		133C3D2828C19AF7008585FD /* Release */ = {
			isa = XCBuildConfiguration;
			buildSettings = {
				ALWAYS_SEARCH_USER_PATHS = NO;
				CLANG_ANALYZER_NONNULL = YES;
				CLANG_ANALYZER_NUMBER_OBJECT_CONVERSION = YES_AGGRESSIVE;
				CLANG_CXX_LANGUAGE_STANDARD = "gnu++17";
				CLANG_ENABLE_MODULES = YES;
				CLANG_ENABLE_OBJC_ARC = YES;
				CLANG_ENABLE_OBJC_WEAK = YES;
				CLANG_WARN_BLOCK_CAPTURE_AUTORELEASING = YES;
				CLANG_WARN_BOOL_CONVERSION = YES;
				CLANG_WARN_COMMA = YES;
				CLANG_WARN_CONSTANT_CONVERSION = YES;
				CLANG_WARN_DEPRECATED_OBJC_IMPLEMENTATIONS = YES;
				CLANG_WARN_DIRECT_OBJC_ISA_USAGE = YES_ERROR;
				CLANG_WARN_DOCUMENTATION_COMMENTS = YES;
				CLANG_WARN_EMPTY_BODY = YES;
				CLANG_WARN_ENUM_CONVERSION = YES;
				CLANG_WARN_INFINITE_RECURSION = YES;
				CLANG_WARN_INT_CONVERSION = YES;
				CLANG_WARN_NON_LITERAL_NULL_CONVERSION = YES;
				CLANG_WARN_OBJC_IMPLICIT_RETAIN_SELF = YES;
				CLANG_WARN_OBJC_LITERAL_CONVERSION = YES;
				CLANG_WARN_OBJC_ROOT_CLASS = YES_ERROR;
				CLANG_WARN_QUOTED_INCLUDE_IN_FRAMEWORK_HEADER = YES;
				CLANG_WARN_RANGE_LOOP_ANALYSIS = YES;
				CLANG_WARN_STRICT_PROTOTYPES = YES;
				CLANG_WARN_SUSPICIOUS_MOVE = YES;
				CLANG_WARN_UNGUARDED_AVAILABILITY = YES_AGGRESSIVE;
				CLANG_WARN_UNREACHABLE_CODE = YES;
				CLANG_WARN__DUPLICATE_METHOD_MATCH = YES;
				COPY_PHASE_STRIP = NO;
				DEBUG_INFORMATION_FORMAT = "dwarf-with-dsym";
				ENABLE_NS_ASSERTIONS = NO;
				ENABLE_STRICT_OBJC_MSGSEND = YES;
				GCC_C_LANGUAGE_STANDARD = gnu11;
				GCC_NO_COMMON_BLOCKS = YES;
				GCC_WARN_64_TO_32_BIT_CONVERSION = YES;
				GCC_WARN_ABOUT_RETURN_TYPE = YES_ERROR;
				GCC_WARN_UNDECLARED_SELECTOR = YES;
				GCC_WARN_UNINITIALIZED_AUTOS = YES_AGGRESSIVE;
				GCC_WARN_UNUSED_FUNCTION = YES;
				GCC_WARN_UNUSED_VARIABLE = YES;
				IPHONEOS_DEPLOYMENT_TARGET = 15.5;
				MTL_ENABLE_DEBUG_INFO = NO;
				MTL_FAST_MATH = YES;
				SDKROOT = iphoneos;
				SWIFT_COMPILATION_MODE = wholemodule;
				SWIFT_OPTIMIZATION_LEVEL = "-O";
				VALIDATE_PRODUCT = YES;
			};
			name = Release;
		};
		133C3D2A28C19AF7008585FD /* Debug */ = {
			isa = XCBuildConfiguration;
			buildSettings = {
				ASSETCATALOG_COMPILER_APPICON_NAME = AppIcon;
				ASSETCATALOG_COMPILER_GLOBAL_ACCENT_COLOR_NAME = AccentColor;
				CODE_SIGN_STYLE = Automatic;
				CURRENT_PROJECT_VERSION = 1;
				DEVELOPMENT_ASSET_PATHS = "\"testApp/Preview Content\"";
				DEVELOPMENT_TEAM = U3B2GLZ4U7;
				ENABLE_PREVIEWS = YES;
				GENERATE_INFOPLIST_FILE = YES;
				INFOPLIST_KEY_UIApplicationSceneManifest_Generation = YES;
				INFOPLIST_KEY_UIApplicationSupportsIndirectInputEvents = YES;
				INFOPLIST_KEY_UILaunchScreen_Generation = YES;
				INFOPLIST_KEY_UISupportedInterfaceOrientations_iPad = "UIInterfaceOrientationPortrait UIInterfaceOrientationPortraitUpsideDown UIInterfaceOrientationLandscapeLeft UIInterfaceOrientationLandscapeRight";
				INFOPLIST_KEY_UISupportedInterfaceOrientations_iPhone = "UIInterfaceOrientationPortrait UIInterfaceOrientationLandscapeLeft UIInterfaceOrientationLandscapeRight";
				LD_RUNPATH_SEARCH_PATHS = (
					"$(inherited)",
					"@executable_path/Frameworks",
				);
				MARKETING_VERSION = 1.0;
				PRODUCT_BUNDLE_IDENTIFIER = romeodev.testApp;
				PRODUCT_NAME = "$(TARGET_NAME)";
				SWIFT_EMIT_LOC_STRINGS = YES;
				SWIFT_VERSION = 5.0;
				TARGETED_DEVICE_FAMILY = "1,2";
			};
			name = Debug;
		};
		133C3D2B28C19AF7008585FD /* Release */ = {
			isa = XCBuildConfiguration;
			buildSettings = {
				ASSETCATALOG_COMPILER_APPICON_NAME = AppIcon;
				ASSETCATALOG_COMPILER_GLOBAL_ACCENT_COLOR_NAME = AccentColor;
				CODE_SIGN_STYLE = Automatic;
				CURRENT_PROJECT_VERSION = 1;
				DEVELOPMENT_ASSET_PATHS = "\"testApp/Preview Content\"";
				DEVELOPMENT_TEAM = U3B2GLZ4U7;
				ENABLE_PREVIEWS = YES;
				GENERATE_INFOPLIST_FILE = YES;
				INFOPLIST_KEY_UIApplicationSceneManifest_Generation = YES;
				INFOPLIST_KEY_UIApplicationSupportsIndirectInputEvents = YES;
				INFOPLIST_KEY_UILaunchScreen_Generation = YES;
				INFOPLIST_KEY_UISupportedInterfaceOrientations_iPad = "UIInterfaceOrientationPortrait UIInterfaceOrientationPortraitUpsideDown UIInterfaceOrientationLandscapeLeft UIInterfaceOrientationLandscapeRight";
				INFOPLIST_KEY_UISupportedInterfaceOrientations_iPhone = "UIInterfaceOrientationPortrait UIInterfaceOrientationLandscapeLeft UIInterfaceOrientationLandscapeRight";
				LD_RUNPATH_SEARCH_PATHS = (
					"$(inherited)",
					"@executable_path/Frameworks",
				);
				MARKETING_VERSION = 1.0;
				PRODUCT_BUNDLE_IDENTIFIER = romeodev.testApp;
				PRODUCT_NAME = "$(TARGET_NAME)";
				SWIFT_EMIT_LOC_STRINGS = YES;
				SWIFT_VERSION = 5.0;
				TARGETED_DEVICE_FAMILY = "1,2";
			};
			name = Release;
		};
		133C3D2D28C19AF7008585FD /* Debug */ = {
			isa = XCBuildConfiguration;
			buildSettings = {
				ALWAYS_EMBED_SWIFT_STANDARD_LIBRARIES = YES;
				BUNDLE_LOADER = "$(TEST_HOST)";
				CODE_SIGN_STYLE = Automatic;
				CURRENT_PROJECT_VERSION = 1;
				DEVELOPMENT_TEAM = U3B2GLZ4U7;
				GENERATE_INFOPLIST_FILE = YES;
				IPHONEOS_DEPLOYMENT_TARGET = 15.5;
				MARKETING_VERSION = 1.0;
				PRODUCT_BUNDLE_IDENTIFIER = romeodev.testAppTests;
				PRODUCT_NAME = "$(TARGET_NAME)";
				SWIFT_EMIT_LOC_STRINGS = NO;
				SWIFT_VERSION = 5.0;
				TARGETED_DEVICE_FAMILY = "1,2";
				TEST_HOST = "$(BUILT_PRODUCTS_DIR)/testApp.app/testApp";
			};
			name = Debug;
		};
		133C3D2E28C19AF7008585FD /* Release */ = {
			isa = XCBuildConfiguration;
			buildSettings = {
				ALWAYS_EMBED_SWIFT_STANDARD_LIBRARIES = YES;
				BUNDLE_LOADER = "$(TEST_HOST)";
				CODE_SIGN_STYLE = Automatic;
				CURRENT_PROJECT_VERSION = 1;
				DEVELOPMENT_TEAM = U3B2GLZ4U7;
				GENERATE_INFOPLIST_FILE = YES;
				IPHONEOS_DEPLOYMENT_TARGET = 15.5;
				MARKETING_VERSION = 1.0;
				PRODUCT_BUNDLE_IDENTIFIER = romeodev.testAppTests;
				PRODUCT_NAME = "$(TARGET_NAME)";
				SWIFT_EMIT_LOC_STRINGS = NO;
				SWIFT_VERSION = 5.0;
				TARGETED_DEVICE_FAMILY = "1,2";
				TEST_HOST = "$(BUILT_PRODUCTS_DIR)/testApp.app/testApp";
			};
			name = Release;
		};
		133C3D3028C19AF7008585FD /* Debug */ = {
			isa = XCBuildConfiguration;
			buildSettings = {
				ALWAYS_EMBED_SWIFT_STANDARD_LIBRARIES = YES;
				CODE_SIGN_STYLE = Automatic;
				CURRENT_PROJECT_VERSION = 1;
				DEVELOPMENT_TEAM = U3B2GLZ4U7;
				GENERATE_INFOPLIST_FILE = YES;
				MARKETING_VERSION = 1.0;
				PRODUCT_BUNDLE_IDENTIFIER = romeodev.testAppUITests;
				PRODUCT_NAME = "$(TARGET_NAME)";
				SWIFT_EMIT_LOC_STRINGS = NO;
				SWIFT_VERSION = 5.0;
				TARGETED_DEVICE_FAMILY = "1,2";
				TEST_TARGET_NAME = testApp;
			};
			name = Debug;
		};
		133C3D3128C19AF7008585FD /* Release */ = {
			isa = XCBuildConfiguration;
			buildSettings = {
				ALWAYS_EMBED_SWIFT_STANDARD_LIBRARIES = YES;
				CODE_SIGN_STYLE = Automatic;
				CURRENT_PROJECT_VERSION = 1;
				DEVELOPMENT_TEAM = U3B2GLZ4U7;
				GENERATE_INFOPLIST_FILE = YES;
				MARKETING_VERSION = 1.0;
				PRODUCT_BUNDLE_IDENTIFIER = romeodev.testAppUITests;
				PRODUCT_NAME = "$(TARGET_NAME)";
				SWIFT_EMIT_LOC_STRINGS = NO;
				SWIFT_VERSION = 5.0;
				TARGETED_DEVICE_FAMILY = "1,2";
				TEST_TARGET_NAME = testApp;
			};
			name = Release;
		};
/* End XCBuildConfiguration section */

/* Begin XCConfigurationList section */
		133C3D0028C19AF5008585FD /* Build configuration list for PBXProject "testApp" */ = {
			isa = XCConfigurationList;
			buildConfigurations = (
				133C3D2728C19AF7008585FD /* Debug */,
				133C3D2828C19AF7008585FD /* Release */,
			);
			defaultConfigurationIsVisible = 0;
			defaultConfigurationName = Release;
		};
		133C3D2928C19AF7008585FD /* Build configuration list for PBXNativeTarget "testApp" */ = {
			isa = XCConfigurationList;
			buildConfigurations = (
				133C3D2A28C19AF7008585FD /* Debug */,
				133C3D2B28C19AF7008585FD /* Release */,
			);
			defaultConfigurationIsVisible = 0;
			defaultConfigurationName = Release;
		};
		133C3D2C28C19AF7008585FD /* Build configuration list for PBXNativeTarget "testAppTests" */ = {
			isa = XCConfigurationList;
			buildConfigurations = (
				133C3D2D28C19AF7008585FD /* Debug */,
				133C3D2E28C19AF7008585FD /* Release */,
			);
			defaultConfigurationIsVisible = 0;
			defaultConfigurationName = Release;
		};
		133C3D2F28C19AF7008585FD /* Build configuration list for PBXNativeTarget "testAppUITests" */ = {
			isa = XCConfigurationList;
			buildConfigurations = (
				133C3D3028C19AF7008585FD /* Debug */,
				133C3D3128C19AF7008585FD /* Release */,
			);
			defaultConfigurationIsVisible = 0;
			defaultConfigurationName = Release;
		};
/* End XCConfigurationList section */
	};
	rootObject = 133C3CFD28C19AF5008585FD /* Project object */;
}
